// !$*UTF8*$!
{
	archiveVersion = 1;
	classes = {
	};
	objectVersion = 55;
	objects = {

/* Begin PBXBuildFile section */
		962C50EF2771D5D2008CC83B /* AuthenticationFirebaseSwiftUIApp.swift in Sources */ = {isa = PBXBuildFile; fileRef = 962C50EE2771D5D2008CC83B /* AuthenticationFirebaseSwiftUIApp.swift */; };
		962C50F32771D5D3008CC83B /* Assets.xcassets in Resources */ = {isa = PBXBuildFile; fileRef = 962C50F22771D5D3008CC83B /* Assets.xcassets */; };
		962C50F62771D5D3008CC83B /* Preview Assets.xcassets in Resources */ = {isa = PBXBuildFile; fileRef = 962C50F52771D5D3008CC83B /* Preview Assets.xcassets */; };
		962C51022771D5FD008CC83B /* ViewRouter.swift in Sources */ = {isa = PBXBuildFile; fileRef = 962C50FC2771D5FC008CC83B /* ViewRouter.swift */; };
		962C51032771D5FD008CC83B /* HomeView.swift in Sources */ = {isa = PBXBuildFile; fileRef = 962C50FE2771D5FD008CC83B /* HomeView.swift */; };
		962C51042771D5FD008CC83B /* SignInView.swift in Sources */ = {isa = PBXBuildFile; fileRef = 962C50FF2771D5FD008CC83B /* SignInView.swift */; };
		962C51052771D5FD008CC83B /* MotherView.swift in Sources */ = {isa = PBXBuildFile; fileRef = 962C51002771D5FD008CC83B /* MotherView.swift */; };
		962C51062771D5FD008CC83B /* SignUpView.swift in Sources */ = {isa = PBXBuildFile; fileRef = 962C51012771D5FD008CC83B /* SignUpView.swift */; };
		FA261B322893CBB600D16887 /* createPostView.swift in Sources */ = {isa = PBXBuildFile; fileRef = FA261B312893CBB600D16887 /* createPostView.swift */; };
		FA261B402894395A00D16887 /* PlayfairDisplay-ExtraBoldItalic.ttf in Resources */ = {isa = PBXBuildFile; fileRef = FA261B342894395800D16887 /* PlayfairDisplay-ExtraBoldItalic.ttf */; };
		FA261B412894395A00D16887 /* PlayfairDisplay-Italic.ttf in Resources */ = {isa = PBXBuildFile; fileRef = FA261B352894395800D16887 /* PlayfairDisplay-Italic.ttf */; };
		FA261B422894395A00D16887 /* PlayfairDisplay-BoldItalic.ttf in Resources */ = {isa = PBXBuildFile; fileRef = FA261B362894395800D16887 /* PlayfairDisplay-BoldItalic.ttf */; };
		FA261B432894395A00D16887 /* PlayfairDisplay-Medium.ttf in Resources */ = {isa = PBXBuildFile; fileRef = FA261B372894395800D16887 /* PlayfairDisplay-Medium.ttf */; };
		FA261B442894395A00D16887 /* PlayfairDisplay-Bold.ttf in Resources */ = {isa = PBXBuildFile; fileRef = FA261B382894395900D16887 /* PlayfairDisplay-Bold.ttf */; };
		FA261B452894395A00D16887 /* PlayfairDisplay-BlackItalic.ttf in Resources */ = {isa = PBXBuildFile; fileRef = FA261B392894395900D16887 /* PlayfairDisplay-BlackItalic.ttf */; };
		FA261B462894395A00D16887 /* PlayfairDisplay-Regular.ttf in Resources */ = {isa = PBXBuildFile; fileRef = FA261B3A2894395900D16887 /* PlayfairDisplay-Regular.ttf */; };
		FA261B482894395A00D16887 /* PlayfairDisplay-Black.ttf in Resources */ = {isa = PBXBuildFile; fileRef = FA261B3C2894395900D16887 /* PlayfairDisplay-Black.ttf */; };
		FA261B492894395A00D16887 /* PlayfairDisplay-ExtraBold.ttf in Resources */ = {isa = PBXBuildFile; fileRef = FA261B3D2894395900D16887 /* PlayfairDisplay-ExtraBold.ttf */; };
		FA261B4A2894395A00D16887 /* PlayfairDisplay-MediumItalic.ttf in Resources */ = {isa = PBXBuildFile; fileRef = FA261B3E2894395A00D16887 /* PlayfairDisplay-MediumItalic.ttf */; };
		FA261B5628943ACD00D16887 /* Lato-LightItalic.ttf in Resources */ = {isa = PBXBuildFile; fileRef = FA261B4C28943ACB00D16887 /* Lato-LightItalic.ttf */; };
		FA261B5728943ACD00D16887 /* Lato-ThinItalic.ttf in Resources */ = {isa = PBXBuildFile; fileRef = FA261B4D28943ACC00D16887 /* Lato-ThinItalic.ttf */; };
		FA261B5828943ACD00D16887 /* Lato-Bold.ttf in Resources */ = {isa = PBXBuildFile; fileRef = FA261B4E28943ACC00D16887 /* Lato-Bold.ttf */; };
		FA261B5928943ACD00D16887 /* Lato-Thin.ttf in Resources */ = {isa = PBXBuildFile; fileRef = FA261B4F28943ACC00D16887 /* Lato-Thin.ttf */; };
		FA261B5A28943ACD00D16887 /* Lato-BlackItalic.ttf in Resources */ = {isa = PBXBuildFile; fileRef = FA261B5028943ACC00D16887 /* Lato-BlackItalic.ttf */; };
		FA261B5B28943ACD00D16887 /* Lato-BoldItalic.ttf in Resources */ = {isa = PBXBuildFile; fileRef = FA261B5128943ACC00D16887 /* Lato-BoldItalic.ttf */; };
		FA261B5C28943ACD00D16887 /* Lato-Italic.ttf in Resources */ = {isa = PBXBuildFile; fileRef = FA261B5228943ACD00D16887 /* Lato-Italic.ttf */; };
		FA261B5D28943ACD00D16887 /* Lato-Black.ttf in Resources */ = {isa = PBXBuildFile; fileRef = FA261B5328943ACD00D16887 /* Lato-Black.ttf */; };
		FA261B5E28943ACD00D16887 /* OFL.txt in Resources */ = {isa = PBXBuildFile; fileRef = FA261B5428943ACD00D16887 /* OFL.txt */; };
		FA3F8C0428742BD700B4EB53 /* imageQuality.swift in Sources */ = {isa = PBXBuildFile; fileRef = FA3F8C0328742BD700B4EB53 /* imageQuality.swift */; };
		FA9F2627288AF043001B0636 /* imagePickerExtension2.swift in Sources */ = {isa = PBXBuildFile; fileRef = FA9F2626288AF043001B0636 /* imagePickerExtension2.swift */; };
		FAA6FF36289522F4003BA5C2 /* Lato-Regular.ttf in Resources */ = {isa = PBXBuildFile; fileRef = FAA6FF35289522F4003BA5C2 /* Lato-Regular.ttf */; };
		FAB26C42286E2D76000B0AAA /* imagePickerExtension.swift in Sources */ = {isa = PBXBuildFile; fileRef = FAB26C41286E2D76000B0AAA /* imagePickerExtension.swift */; };
		FAB26C44286E2E00000B0AAA /* addPictureView.swift in Sources */ = {isa = PBXBuildFile; fileRef = FAB26C43286E2E00000B0AAA /* addPictureView.swift */; };
		FACE4ED228927FCB00FAD646 /* postView.swift in Sources */ = {isa = PBXBuildFile; fileRef = FACE4ED128927FCA00FAD646 /* postView.swift */; };
		FACE4ED52892839E00FAD646 /* Post.swift in Sources */ = {isa = PBXBuildFile; fileRef = FACE4ED42892839E00FAD646 /* Post.swift */; };
		FACE4ED828928F8D00FAD646 /* PostManager.swift in Sources */ = {isa = PBXBuildFile; fileRef = FACE4ED728928F8D00FAD646 /* PostManager.swift */; };
		FAE023D6286CC92400AEE849 /* GoogleService-Info.plist in Resources */ = {isa = PBXBuildFile; fileRef = FAE023D5286CC92400AEE849 /* GoogleService-Info.plist */; };
		FAF88011288FCD540011CB9C /* FirebaseAuth in Frameworks */ = {isa = PBXBuildFile; productRef = FAF88010288FCD540011CB9C /* FirebaseAuth */; };
		FAF88013288FCD540011CB9C /* FirebaseFirestore in Frameworks */ = {isa = PBXBuildFile; productRef = FAF88012288FCD540011CB9C /* FirebaseFirestore */; };
		FAF88015288FCD540011CB9C /* FirebaseFirestoreSwift in Frameworks */ = {isa = PBXBuildFile; productRef = FAF88014288FCD540011CB9C /* FirebaseFirestoreSwift */; };
		FAF88017288FCD540011CB9C /* FirebaseStorage in Frameworks */ = {isa = PBXBuildFile; productRef = FAF88016288FCD540011CB9C /* FirebaseStorage */; };
		FAF8801928914A450011CB9C /* profilView.swift in Sources */ = {isa = PBXBuildFile; fileRef = FAF8801828914A440011CB9C /* profilView.swift */; };
/* End PBXBuildFile section */

/* Begin PBXFileReference section */
		962C50EB2771D5D2008CC83B /* AuthenticationFirebaseSwiftUI.app */ = {isa = PBXFileReference; explicitFileType = wrapper.application; includeInIndex = 0; path = AuthenticationFirebaseSwiftUI.app; sourceTree = BUILT_PRODUCTS_DIR; };
		962C50EE2771D5D2008CC83B /* AuthenticationFirebaseSwiftUIApp.swift */ = {isa = PBXFileReference; lastKnownFileType = sourcecode.swift; path = AuthenticationFirebaseSwiftUIApp.swift; sourceTree = "<group>"; };
		962C50F22771D5D3008CC83B /* Assets.xcassets */ = {isa = PBXFileReference; lastKnownFileType = folder.assetcatalog; path = Assets.xcassets; sourceTree = "<group>"; };
		962C50F52771D5D3008CC83B /* Preview Assets.xcassets */ = {isa = PBXFileReference; lastKnownFileType = folder.assetcatalog; path = "Preview Assets.xcassets"; sourceTree = "<group>"; };
		962C50FC2771D5FC008CC83B /* ViewRouter.swift */ = {isa = PBXFileReference; fileEncoding = 4; lastKnownFileType = sourcecode.swift; path = ViewRouter.swift; sourceTree = "<group>"; };
		962C50FE2771D5FD008CC83B /* HomeView.swift */ = {isa = PBXFileReference; fileEncoding = 4; lastKnownFileType = sourcecode.swift; path = HomeView.swift; sourceTree = "<group>"; };
		962C50FF2771D5FD008CC83B /* SignInView.swift */ = {isa = PBXFileReference; fileEncoding = 4; lastKnownFileType = sourcecode.swift; path = SignInView.swift; sourceTree = "<group>"; };
		962C51002771D5FD008CC83B /* MotherView.swift */ = {isa = PBXFileReference; fileEncoding = 4; lastKnownFileType = sourcecode.swift; path = MotherView.swift; sourceTree = "<group>"; };
		962C51012771D5FD008CC83B /* SignUpView.swift */ = {isa = PBXFileReference; fileEncoding = 4; lastKnownFileType = sourcecode.swift; path = SignUpView.swift; sourceTree = "<group>"; };
		FA261B312893CBB600D16887 /* createPostView.swift */ = {isa = PBXFileReference; lastKnownFileType = sourcecode.swift; path = createPostView.swift; sourceTree = "<group>"; };
		FA261B342894395800D16887 /* PlayfairDisplay-ExtraBoldItalic.ttf */ = {isa = PBXFileReference; lastKnownFileType = file; path = "PlayfairDisplay-ExtraBoldItalic.ttf"; sourceTree = "<group>"; };
		FA261B352894395800D16887 /* PlayfairDisplay-Italic.ttf */ = {isa = PBXFileReference; lastKnownFileType = file; path = "PlayfairDisplay-Italic.ttf"; sourceTree = "<group>"; };
		FA261B362894395800D16887 /* PlayfairDisplay-BoldItalic.ttf */ = {isa = PBXFileReference; lastKnownFileType = file; path = "PlayfairDisplay-BoldItalic.ttf"; sourceTree = "<group>"; };
		FA261B372894395800D16887 /* PlayfairDisplay-Medium.ttf */ = {isa = PBXFileReference; lastKnownFileType = file; path = "PlayfairDisplay-Medium.ttf"; sourceTree = "<group>"; };
		FA261B382894395900D16887 /* PlayfairDisplay-Bold.ttf */ = {isa = PBXFileReference; lastKnownFileType = file; path = "PlayfairDisplay-Bold.ttf"; sourceTree = "<group>"; };
		FA261B392894395900D16887 /* PlayfairDisplay-BlackItalic.ttf */ = {isa = PBXFileReference; lastKnownFileType = file; path = "PlayfairDisplay-BlackItalic.ttf"; sourceTree = "<group>"; };
		FA261B3A2894395900D16887 /* PlayfairDisplay-Regular.ttf */ = {isa = PBXFileReference; lastKnownFileType = file; path = "PlayfairDisplay-Regular.ttf"; sourceTree = "<group>"; };
		FA261B3C2894395900D16887 /* PlayfairDisplay-Black.ttf */ = {isa = PBXFileReference; lastKnownFileType = file; path = "PlayfairDisplay-Black.ttf"; sourceTree = "<group>"; };
		FA261B3D2894395900D16887 /* PlayfairDisplay-ExtraBold.ttf */ = {isa = PBXFileReference; lastKnownFileType = file; path = "PlayfairDisplay-ExtraBold.ttf"; sourceTree = "<group>"; };
		FA261B3E2894395A00D16887 /* PlayfairDisplay-MediumItalic.ttf */ = {isa = PBXFileReference; lastKnownFileType = file; path = "PlayfairDisplay-MediumItalic.ttf"; sourceTree = "<group>"; };
		FA261B4C28943ACB00D16887 /* Lato-LightItalic.ttf */ = {isa = PBXFileReference; lastKnownFileType = file; path = "Lato-LightItalic.ttf"; sourceTree = "<group>"; };
		FA261B4D28943ACC00D16887 /* Lato-ThinItalic.ttf */ = {isa = PBXFileReference; lastKnownFileType = file; path = "Lato-ThinItalic.ttf"; sourceTree = "<group>"; };
		FA261B4E28943ACC00D16887 /* Lato-Bold.ttf */ = {isa = PBXFileReference; lastKnownFileType = file; path = "Lato-Bold.ttf"; sourceTree = "<group>"; };
		FA261B4F28943ACC00D16887 /* Lato-Thin.ttf */ = {isa = PBXFileReference; lastKnownFileType = file; path = "Lato-Thin.ttf"; sourceTree = "<group>"; };
		FA261B5028943ACC00D16887 /* Lato-BlackItalic.ttf */ = {isa = PBXFileReference; lastKnownFileType = file; path = "Lato-BlackItalic.ttf"; sourceTree = "<group>"; };
		FA261B5128943ACC00D16887 /* Lato-BoldItalic.ttf */ = {isa = PBXFileReference; lastKnownFileType = file; path = "Lato-BoldItalic.ttf"; sourceTree = "<group>"; };
		FA261B5228943ACD00D16887 /* Lato-Italic.ttf */ = {isa = PBXFileReference; lastKnownFileType = file; path = "Lato-Italic.ttf"; sourceTree = "<group>"; };
		FA261B5328943ACD00D16887 /* Lato-Black.ttf */ = {isa = PBXFileReference; lastKnownFileType = file; path = "Lato-Black.ttf"; sourceTree = "<group>"; };
		FA261B5428943ACD00D16887 /* OFL.txt */ = {isa = PBXFileReference; fileEncoding = 4; lastKnownFileType = text; path = OFL.txt; sourceTree = "<group>"; };
		FA3F8C0328742BD700B4EB53 /* imageQuality.swift */ = {isa = PBXFileReference; lastKnownFileType = sourcecode.swift; path = imageQuality.swift; sourceTree = "<group>"; };
		FA9F2626288AF043001B0636 /* imagePickerExtension2.swift */ = {isa = PBXFileReference; lastKnownFileType = sourcecode.swift; path = imagePickerExtension2.swift; sourceTree = "<group>"; };
		FAA6FF34289520E5003BA5C2 /* Info.plist */ = {isa = PBXFileReference; lastKnownFileType = text.plist; path = Info.plist; sourceTree = "<group>"; };
		FAA6FF35289522F4003BA5C2 /* Lato-Regular.ttf */ = {isa = PBXFileReference; lastKnownFileType = file; path = "Lato-Regular.ttf"; sourceTree = "<group>"; };
		FAB26C41286E2D76000B0AAA /* imagePickerExtension.swift */ = {isa = PBXFileReference; lastKnownFileType = sourcecode.swift; path = imagePickerExtension.swift; sourceTree = "<group>"; };
		FAB26C43286E2E00000B0AAA /* addPictureView.swift */ = {isa = PBXFileReference; lastKnownFileType = sourcecode.swift; path = addPictureView.swift; sourceTree = "<group>"; };
		FACE4ED128927FCA00FAD646 /* postView.swift */ = {isa = PBXFileReference; lastKnownFileType = sourcecode.swift; path = postView.swift; sourceTree = "<group>"; };
		FACE4ED42892839E00FAD646 /* Post.swift */ = {isa = PBXFileReference; lastKnownFileType = sourcecode.swift; path = Post.swift; sourceTree = "<group>"; };
		FACE4ED728928F8D00FAD646 /* PostManager.swift */ = {isa = PBXFileReference; lastKnownFileType = sourcecode.swift; path = PostManager.swift; sourceTree = "<group>"; };
		FAE023D5286CC92400AEE849 /* GoogleService-Info.plist */ = {isa = PBXFileReference; fileEncoding = 4; lastKnownFileType = text.plist.xml; path = "GoogleService-Info.plist"; sourceTree = "<group>"; };
		FAF8801828914A440011CB9C /* profilView.swift */ = {isa = PBXFileReference; lastKnownFileType = sourcecode.swift; path = profilView.swift; sourceTree = "<group>"; };
/* End PBXFileReference section */

/* Begin PBXFrameworksBuildPhase section */
		962C50E82771D5D2008CC83B /* Frameworks */ = {
			isa = PBXFrameworksBuildPhase;
			buildActionMask = 2147483647;
			files = (
				FAF88011288FCD540011CB9C /* FirebaseAuth in Frameworks */,
				FAF88017288FCD540011CB9C /* FirebaseStorage in Frameworks */,
				FAF88013288FCD540011CB9C /* FirebaseFirestore in Frameworks */,
				FAF88015288FCD540011CB9C /* FirebaseFirestoreSwift in Frameworks */,
			);
			runOnlyForDeploymentPostprocessing = 0;
		};
/* End PBXFrameworksBuildPhase section */

/* Begin PBXGroup section */
		962C50E22771D5D2008CC83B = {
			isa = PBXGroup;
			children = (
				962C50ED2771D5D2008CC83B /* AuthenticationFirebaseSwiftUI */,
				962C50EC2771D5D2008CC83B /* Products */,
			);
			sourceTree = "<group>";
		};
		962C50EC2771D5D2008CC83B /* Products */ = {
			isa = PBXGroup;
			children = (
				962C50EB2771D5D2008CC83B /* AuthenticationFirebaseSwiftUI.app */,
			);
			name = Products;
			sourceTree = "<group>";
		};
		962C50ED2771D5D2008CC83B /* AuthenticationFirebaseSwiftUI */ = {
			isa = PBXGroup;
			children = (
				FAA6FF34289520E5003BA5C2 /* Info.plist */,
				962C50EE2771D5D2008CC83B /* AuthenticationFirebaseSwiftUIApp.swift */,
				962C50FC2771D5FC008CC83B /* ViewRouter.swift */,
				FA261B33289438F400D16887 /* Fonts */,
				FACE4ED628928F6900FAD646 /* View Model */,
				FACE4ED32892838100FAD646 /* Model */,
				FA3F8C0228742B9700B4EB53 /* Extension */,
				962C50FD2771D5FC008CC83B /* Views */,
				FAAE5F47286DEF4B00EFAA7B /* Components */,
				962C50F22771D5D3008CC83B /* Assets.xcassets */,
				FAE023D5286CC92400AEE849 /* GoogleService-Info.plist */,
				962C50F42771D5D3008CC83B /* Preview Content */,
			);
			path = AuthenticationFirebaseSwiftUI;
			sourceTree = "<group>";
		};
		962C50F42771D5D3008CC83B /* Preview Content */ = {
			isa = PBXGroup;
			children = (
				962C50F52771D5D3008CC83B /* Preview Assets.xcassets */,
			);
			path = "Preview Content";
			sourceTree = "<group>";
		};
		962C50FD2771D5FC008CC83B /* Views */ = {
			isa = PBXGroup;
			children = (
				962C50FE2771D5FD008CC83B /* HomeView.swift */,
				962C50FF2771D5FD008CC83B /* SignInView.swift */,
				962C51012771D5FD008CC83B /* SignUpView.swift */,
				962C51002771D5FD008CC83B /* MotherView.swift */,
				FAB26C43286E2E00000B0AAA /* addPictureView.swift */,
				FAF8801828914A440011CB9C /* profilView.swift */,
				FACE4ED128927FCA00FAD646 /* postView.swift */,
				FA261B312893CBB600D16887 /* createPostView.swift */,
			);
			path = Views;
			sourceTree = "<group>";
		};
		FA261B33289438F400D16887 /* Fonts */ = {
			isa = PBXGroup;
			children = (
				FA261B3C2894395900D16887 /* PlayfairDisplay-Black.ttf */,
				FA261B392894395900D16887 /* PlayfairDisplay-BlackItalic.ttf */,
				FA261B382894395900D16887 /* PlayfairDisplay-Bold.ttf */,
				FA261B362894395800D16887 /* PlayfairDisplay-BoldItalic.ttf */,
				FA261B3D2894395900D16887 /* PlayfairDisplay-ExtraBold.ttf */,
				FA261B342894395800D16887 /* PlayfairDisplay-ExtraBoldItalic.ttf */,
				FA261B352894395800D16887 /* PlayfairDisplay-Italic.ttf */,
				FA261B372894395800D16887 /* PlayfairDisplay-Medium.ttf */,
				FA261B3E2894395A00D16887 /* PlayfairDisplay-MediumItalic.ttf */,
				FAA6FF35289522F4003BA5C2 /* Lato-Regular.ttf */,
				FA261B3A2894395900D16887 /* PlayfairDisplay-Regular.ttf */,
				FA261B5328943ACD00D16887 /* Lato-Black.ttf */,
				FA261B5028943ACC00D16887 /* Lato-BlackItalic.ttf */,
				FA261B4E28943ACC00D16887 /* Lato-Bold.ttf */,
				FA261B5128943ACC00D16887 /* Lato-BoldItalic.ttf */,
				FA261B5228943ACD00D16887 /* Lato-Italic.ttf */,
				FA261B4C28943ACB00D16887 /* Lato-LightItalic.ttf */,
				FA261B4F28943ACC00D16887 /* Lato-Thin.ttf */,
				FA261B4D28943ACC00D16887 /* Lato-ThinItalic.ttf */,
				FA261B5428943ACD00D16887 /* OFL.txt */,
			);
			path = Fonts;
			sourceTree = "<group>";
		};
		FA3F8C0228742B9700B4EB53 /* Extension */ = {
			isa = PBXGroup;
			children = (
				FA3F8C0328742BD700B4EB53 /* imageQuality.swift */,
				FAB26C41286E2D76000B0AAA /* imagePickerExtension.swift */,
				FA9F2626288AF043001B0636 /* imagePickerExtension2.swift */,
			);
			path = Extension;
			sourceTree = "<group>";
		};
		FAAE5F47286DEF4B00EFAA7B /* Components */ = {
			isa = PBXGroup;
			children = (
			);
			path = Components;
			sourceTree = "<group>";
		};
		FACE4ED32892838100FAD646 /* Model */ = {
			isa = PBXGroup;
			children = (
				FACE4ED42892839E00FAD646 /* Post.swift */,
			);
			path = Model;
			sourceTree = "<group>";
		};
		FACE4ED628928F6900FAD646 /* View Model */ = {
			isa = PBXGroup;
			children = (
				FACE4ED728928F8D00FAD646 /* PostManager.swift */,
			);
			path = "View Model";
			sourceTree = "<group>";
		};
/* End PBXGroup section */

/* Begin PBXNativeTarget section */
		962C50EA2771D5D2008CC83B /* AuthenticationFirebaseSwiftUI */ = {
			isa = PBXNativeTarget;
			buildConfigurationList = 962C50F92771D5D3008CC83B /* Build configuration list for PBXNativeTarget "AuthenticationFirebaseSwiftUI" */;
			buildPhases = (
				962C50E72771D5D2008CC83B /* Sources */,
				962C50E82771D5D2008CC83B /* Frameworks */,
				962C50E92771D5D2008CC83B /* Resources */,
			);
			buildRules = (
			);
			dependencies = (
			);
			name = AuthenticationFirebaseSwiftUI;
			packageProductDependencies = (
				FAF88010288FCD540011CB9C /* FirebaseAuth */,
				FAF88012288FCD540011CB9C /* FirebaseFirestore */,
				FAF88014288FCD540011CB9C /* FirebaseFirestoreSwift */,
				FAF88016288FCD540011CB9C /* FirebaseStorage */,
			);
			productName = AuthenticationFirebaseSwiftUI;
			productReference = 962C50EB2771D5D2008CC83B /* AuthenticationFirebaseSwiftUI.app */;
			productType = "com.apple.product-type.application";
		};
/* End PBXNativeTarget section */

/* Begin PBXProject section */
		962C50E32771D5D2008CC83B /* Project object */ = {
			isa = PBXProject;
			attributes = {
				BuildIndependentTargetsInParallel = 1;
				LastSwiftUpdateCheck = 1320;
				LastUpgradeCheck = 1320;
				TargetAttributes = {
					962C50EA2771D5D2008CC83B = {
						CreatedOnToolsVersion = 13.2.1;
					};
				};
			};
			buildConfigurationList = 962C50E62771D5D2008CC83B /* Build configuration list for PBXProject "AuthenticationFirebaseSwiftUI" */;
			compatibilityVersion = "Xcode 13.0";
			developmentRegion = en;
			hasScannedForEncodings = 0;
			knownRegions = (
				en,
				Base,
			);
			mainGroup = 962C50E22771D5D2008CC83B;
			packageReferences = (
				FAF8800F288FCD540011CB9C /* XCRemoteSwiftPackageReference "firebase-ios-sdk" */,
			);
			productRefGroup = 962C50EC2771D5D2008CC83B /* Products */;
			projectDirPath = "";
			projectRoot = "";
			targets = (
				962C50EA2771D5D2008CC83B /* AuthenticationFirebaseSwiftUI */,
			);
		};
/* End PBXProject section */

/* Begin PBXResourcesBuildPhase section */
		962C50E92771D5D2008CC83B /* Resources */ = {
			isa = PBXResourcesBuildPhase;
			buildActionMask = 2147483647;
			files = (
				FA261B462894395A00D16887 /* PlayfairDisplay-Regular.ttf in Resources */,
				FA261B442894395A00D16887 /* PlayfairDisplay-Bold.ttf in Resources */,
				FA261B5928943ACD00D16887 /* Lato-Thin.ttf in Resources */,
				FA261B5C28943ACD00D16887 /* Lato-Italic.ttf in Resources */,
				FA261B412894395A00D16887 /* PlayfairDisplay-Italic.ttf in Resources */,
				FA261B5E28943ACD00D16887 /* OFL.txt in Resources */,
				FA261B492894395A00D16887 /* PlayfairDisplay-ExtraBold.ttf in Resources */,
				962C50F62771D5D3008CC83B /* Preview Assets.xcassets in Resources */,
				FA261B5828943ACD00D16887 /* Lato-Bold.ttf in Resources */,
				FAA6FF36289522F4003BA5C2 /* Lato-Regular.ttf in Resources */,
				FA261B482894395A00D16887 /* PlayfairDisplay-Black.ttf in Resources */,
				FA261B5D28943ACD00D16887 /* Lato-Black.ttf in Resources */,
				FA261B402894395A00D16887 /* PlayfairDisplay-ExtraBoldItalic.ttf in Resources */,
				FA261B4A2894395A00D16887 /* PlayfairDisplay-MediumItalic.ttf in Resources */,
				FA261B5B28943ACD00D16887 /* Lato-BoldItalic.ttf in Resources */,
				FA261B5A28943ACD00D16887 /* Lato-BlackItalic.ttf in Resources */,
				FA261B452894395A00D16887 /* PlayfairDisplay-BlackItalic.ttf in Resources */,
				FA261B5628943ACD00D16887 /* Lato-LightItalic.ttf in Resources */,
				FA261B432894395A00D16887 /* PlayfairDisplay-Medium.ttf in Resources */,
				962C50F32771D5D3008CC83B /* Assets.xcassets in Resources */,
				FA261B422894395A00D16887 /* PlayfairDisplay-BoldItalic.ttf in Resources */,
				FAE023D6286CC92400AEE849 /* GoogleService-Info.plist in Resources */,
				FA261B5728943ACD00D16887 /* Lato-ThinItalic.ttf in Resources */,
			);
			runOnlyForDeploymentPostprocessing = 0;
		};
/* End PBXResourcesBuildPhase section */

/* Begin PBXSourcesBuildPhase section */
		962C50E72771D5D2008CC83B /* Sources */ = {
			isa = PBXSourcesBuildPhase;
			buildActionMask = 2147483647;
			files = (
				962C51032771D5FD008CC83B /* HomeView.swift in Sources */,
				962C50EF2771D5D2008CC83B /* AuthenticationFirebaseSwiftUIApp.swift in Sources */,
				FA9F2627288AF043001B0636 /* imagePickerExtension2.swift in Sources */,
				FAB26C42286E2D76000B0AAA /* imagePickerExtension.swift in Sources */,
				FACE4ED52892839E00FAD646 /* Post.swift in Sources */,
				FAB26C44286E2E00000B0AAA /* addPictureView.swift in Sources */,
				FAF8801928914A450011CB9C /* profilView.swift in Sources */,
				FACE4ED228927FCB00FAD646 /* postView.swift in Sources */,
				FA3F8C0428742BD700B4EB53 /* imageQuality.swift in Sources */,
				962C51042771D5FD008CC83B /* SignInView.swift in Sources */,
				962C51022771D5FD008CC83B /* ViewRouter.swift in Sources */,
				FACE4ED828928F8D00FAD646 /* PostManager.swift in Sources */,
				962C51062771D5FD008CC83B /* SignUpView.swift in Sources */,
				962C51052771D5FD008CC83B /* MotherView.swift in Sources */,
				FA261B322893CBB600D16887 /* createPostView.swift in Sources */,
			);
			runOnlyForDeploymentPostprocessing = 0;
		};
/* End PBXSourcesBuildPhase section */

/* Begin XCBuildConfiguration section */
		962C50F72771D5D3008CC83B /* Debug */ = {
			isa = XCBuildConfiguration;
			buildSettings = {
				ALWAYS_SEARCH_USER_PATHS = NO;
				CLANG_ANALYZER_NONNULL = YES;
				CLANG_ANALYZER_NUMBER_OBJECT_CONVERSION = YES_AGGRESSIVE;
				CLANG_CXX_LANGUAGE_STANDARD = "gnu++17";
				CLANG_CXX_LIBRARY = "libc++";
				CLANG_ENABLE_MODULES = YES;
				CLANG_ENABLE_OBJC_ARC = YES;
				CLANG_ENABLE_OBJC_WEAK = YES;
				CLANG_WARN_BLOCK_CAPTURE_AUTORELEASING = YES;
				CLANG_WARN_BOOL_CONVERSION = YES;
				CLANG_WARN_COMMA = YES;
				CLANG_WARN_CONSTANT_CONVERSION = YES;
				CLANG_WARN_DEPRECATED_OBJC_IMPLEMENTATIONS = YES;
				CLANG_WARN_DIRECT_OBJC_ISA_USAGE = YES_ERROR;
				CLANG_WARN_DOCUMENTATION_COMMENTS = YES;
				CLANG_WARN_EMPTY_BODY = YES;
				CLANG_WARN_ENUM_CONVERSION = YES;
				CLANG_WARN_INFINITE_RECURSION = YES;
				CLANG_WARN_INT_CONVERSION = YES;
				CLANG_WARN_NON_LITERAL_NULL_CONVERSION = YES;
				CLANG_WARN_OBJC_IMPLICIT_RETAIN_SELF = YES;
				CLANG_WARN_OBJC_LITERAL_CONVERSION = YES;
				CLANG_WARN_OBJC_ROOT_CLASS = YES_ERROR;
				CLANG_WARN_QUOTED_INCLUDE_IN_FRAMEWORK_HEADER = YES;
				CLANG_WARN_RANGE_LOOP_ANALYSIS = YES;
				CLANG_WARN_STRICT_PROTOTYPES = YES;
				CLANG_WARN_SUSPICIOUS_MOVE = YES;
				CLANG_WARN_UNGUARDED_AVAILABILITY = YES_AGGRESSIVE;
				CLANG_WARN_UNREACHABLE_CODE = YES;
				CLANG_WARN__DUPLICATE_METHOD_MATCH = YES;
				COPY_PHASE_STRIP = NO;
				DEBUG_INFORMATION_FORMAT = dwarf;
				ENABLE_STRICT_OBJC_MSGSEND = YES;
				ENABLE_TESTABILITY = YES;
				GCC_C_LANGUAGE_STANDARD = gnu11;
				GCC_DYNAMIC_NO_PIC = NO;
				GCC_NO_COMMON_BLOCKS = YES;
				GCC_OPTIMIZATION_LEVEL = 0;
				GCC_PREPROCESSOR_DEFINITIONS = (
					"DEBUG=1",
					"$(inherited)",
				);
				GCC_WARN_64_TO_32_BIT_CONVERSION = YES;
				GCC_WARN_ABOUT_RETURN_TYPE = YES_ERROR;
				GCC_WARN_UNDECLARED_SELECTOR = YES;
				GCC_WARN_UNINITIALIZED_AUTOS = YES_AGGRESSIVE;
				GCC_WARN_UNUSED_FUNCTION = YES;
				GCC_WARN_UNUSED_VARIABLE = YES;
				IPHONEOS_DEPLOYMENT_TARGET = 15.2;
				MTL_ENABLE_DEBUG_INFO = INCLUDE_SOURCE;
				MTL_FAST_MATH = YES;
				ONLY_ACTIVE_ARCH = YES;
				SDKROOT = iphoneos;
				SWIFT_ACTIVE_COMPILATION_CONDITIONS = DEBUG;
				SWIFT_OPTIMIZATION_LEVEL = "-Onone";
			};
			name = Debug;
		};
		962C50F82771D5D3008CC83B /* Release */ = {
			isa = XCBuildConfiguration;
			buildSettings = {
				ALWAYS_SEARCH_USER_PATHS = NO;
				CLANG_ANALYZER_NONNULL = YES;
				CLANG_ANALYZER_NUMBER_OBJECT_CONVERSION = YES_AGGRESSIVE;
				CLANG_CXX_LANGUAGE_STANDARD = "gnu++17";
				CLANG_CXX_LIBRARY = "libc++";
				CLANG_ENABLE_MODULES = YES;
				CLANG_ENABLE_OBJC_ARC = YES;
				CLANG_ENABLE_OBJC_WEAK = YES;
				CLANG_WARN_BLOCK_CAPTURE_AUTORELEASING = YES;
				CLANG_WARN_BOOL_CONVERSION = YES;
				CLANG_WARN_COMMA = YES;
				CLANG_WARN_CONSTANT_CONVERSION = YES;
				CLANG_WARN_DEPRECATED_OBJC_IMPLEMENTATIONS = YES;
				CLANG_WARN_DIRECT_OBJC_ISA_USAGE = YES_ERROR;
				CLANG_WARN_DOCUMENTATION_COMMENTS = YES;
				CLANG_WARN_EMPTY_BODY = YES;
				CLANG_WARN_ENUM_CONVERSION = YES;
				CLANG_WARN_INFINITE_RECURSION = YES;
				CLANG_WARN_INT_CONVERSION = YES;
				CLANG_WARN_NON_LITERAL_NULL_CONVERSION = YES;
				CLANG_WARN_OBJC_IMPLICIT_RETAIN_SELF = YES;
				CLANG_WARN_OBJC_LITERAL_CONVERSION = YES;
				CLANG_WARN_OBJC_ROOT_CLASS = YES_ERROR;
				CLANG_WARN_QUOTED_INCLUDE_IN_FRAMEWORK_HEADER = YES;
				CLANG_WARN_RANGE_LOOP_ANALYSIS = YES;
				CLANG_WARN_STRICT_PROTOTYPES = YES;
				CLANG_WARN_SUSPICIOUS_MOVE = YES;
				CLANG_WARN_UNGUARDED_AVAILABILITY = YES_AGGRESSIVE;
				CLANG_WARN_UNREACHABLE_CODE = YES;
				CLANG_WARN__DUPLICATE_METHOD_MATCH = YES;
				COPY_PHASE_STRIP = NO;
				DEBUG_INFORMATION_FORMAT = "dwarf-with-dsym";
				ENABLE_NS_ASSERTIONS = NO;
				ENABLE_STRICT_OBJC_MSGSEND = YES;
				GCC_C_LANGUAGE_STANDARD = gnu11;
				GCC_NO_COMMON_BLOCKS = YES;
				GCC_WARN_64_TO_32_BIT_CONVERSION = YES;
				GCC_WARN_ABOUT_RETURN_TYPE = YES_ERROR;
				GCC_WARN_UNDECLARED_SELECTOR = YES;
				GCC_WARN_UNINITIALIZED_AUTOS = YES_AGGRESSIVE;
				GCC_WARN_UNUSED_FUNCTION = YES;
				GCC_WARN_UNUSED_VARIABLE = YES;
				IPHONEOS_DEPLOYMENT_TARGET = 15.2;
				MTL_ENABLE_DEBUG_INFO = NO;
				MTL_FAST_MATH = YES;
				SDKROOT = iphoneos;
				SWIFT_COMPILATION_MODE = wholemodule;
				SWIFT_OPTIMIZATION_LEVEL = "-O";
				VALIDATE_PRODUCT = YES;
			};
			name = Release;
		};
		962C50FA2771D5D3008CC83B /* Debug */ = {
			isa = XCBuildConfiguration;
			buildSettings = {
				ASSETCATALOG_COMPILER_APPICON_NAME = AppIcon;
				ASSETCATALOG_COMPILER_GLOBAL_ACCENT_COLOR_NAME = AccentColor;
				CODE_SIGN_STYLE = Automatic;
				CURRENT_PROJECT_VERSION = 1;
				DEVELOPMENT_ASSET_PATHS = "\"AuthenticationFirebaseSwiftUI/Preview Content\"";
				DEVELOPMENT_TEAM = 8M94F2WL46;
				ENABLE_PREVIEWS = YES;
				GENERATE_INFOPLIST_FILE = YES;
				INFOPLIST_FILE = AuthenticationFirebaseSwiftUI/Info.plist;
				INFOPLIST_KEY_CFBundleDisplayName = "";
				INFOPLIST_KEY_UIApplicationSceneManifest_Generation = YES;
				INFOPLIST_KEY_UIApplicationSupportsIndirectInputEvents = YES;
				INFOPLIST_KEY_UILaunchScreen_Generation = YES;
				INFOPLIST_KEY_UISupportedInterfaceOrientations_iPad = "UIInterfaceOrientationPortrait UIInterfaceOrientationPortraitUpsideDown UIInterfaceOrientationLandscapeLeft UIInterfaceOrientationLandscapeRight";
				INFOPLIST_KEY_UISupportedInterfaceOrientations_iPhone = "UIInterfaceOrientationPortrait UIInterfaceOrientationLandscapeLeft UIInterfaceOrientationLandscapeRight";
				LD_RUNPATH_SEARCH_PATHS = (
					"$(inherited)",
					"@executable_path/Frameworks",
				);
				MARKETING_VERSION = 1.0;
				PRODUCT_BUNDLE_IDENTIFIER = com.YOURNAME.AuthenticationFirebaseSwiftUI;
				PRODUCT_NAME = "$(TARGET_NAME)";
				SWIFT_EMIT_LOC_STRINGS = YES;
				SWIFT_VERSION = 5.0;
				TARGETED_DEVICE_FAMILY = "1,2";
			};
			name = Debug;
		};
		962C50FB2771D5D3008CC83B /* Release */ = {
			isa = XCBuildConfiguration;
			buildSettings = {
				ASSETCATALOG_COMPILER_APPICON_NAME = AppIcon;
				ASSETCATALOG_COMPILER_GLOBAL_ACCENT_COLOR_NAME = AccentColor;
				CODE_SIGN_STYLE = Automatic;
				CURRENT_PROJECT_VERSION = 1;
				DEVELOPMENT_ASSET_PATHS = "\"AuthenticationFirebaseSwiftUI/Preview Content\"";
				DEVELOPMENT_TEAM = 8M94F2WL46;
				ENABLE_PREVIEWS = YES;
				GENERATE_INFOPLIST_FILE = YES;
				INFOPLIST_FILE = AuthenticationFirebaseSwiftUI/Info.plist;
				INFOPLIST_KEY_CFBundleDisplayName = "";
				INFOPLIST_KEY_UIApplicationSceneManifest_Generation = YES;
				INFOPLIST_KEY_UIApplicationSupportsIndirectInputEvents = YES;
				INFOPLIST_KEY_UILaunchScreen_Generation = YES;
				INFOPLIST_KEY_UISupportedInterfaceOrientations_iPad = "UIInterfaceOrientationPortrait UIInterfaceOrientationPortraitUpsideDown UIInterfaceOrientationLandscapeLeft UIInterfaceOrientationLandscapeRight";
				INFOPLIST_KEY_UISupportedInterfaceOrientations_iPhone = "UIInterfaceOrientationPortrait UIInterfaceOrientationLandscapeLeft UIInterfaceOrientationLandscapeRight";
				LD_RUNPATH_SEARCH_PATHS = (
					"$(inherited)",
					"@executable_path/Frameworks",
				);
				MARKETING_VERSION = 1.0;
				PRODUCT_BUNDLE_IDENTIFIER = com.YOURNAME.AuthenticationFirebaseSwiftUI;
				PRODUCT_NAME = "$(TARGET_NAME)";
				SWIFT_EMIT_LOC_STRINGS = YES;
				SWIFT_VERSION = 5.0;
				TARGETED_DEVICE_FAMILY = "1,2";
			};
			name = Release;
		};
/* End XCBuildConfiguration section */

/* Begin XCConfigurationList section */
		962C50E62771D5D2008CC83B /* Build configuration list for PBXProject "AuthenticationFirebaseSwiftUI" */ = {
			isa = XCConfigurationList;
			buildConfigurations = (
				962C50F72771D5D3008CC83B /* Debug */,
				962C50F82771D5D3008CC83B /* Release */,
			);
			defaultConfigurationIsVisible = 0;
			defaultConfigurationName = Release;
		};
		962C50F92771D5D3008CC83B /* Build configuration list for PBXNativeTarget "AuthenticationFirebaseSwiftUI" */ = {
			isa = XCConfigurationList;
			buildConfigurations = (
				962C50FA2771D5D3008CC83B /* Debug */,
				962C50FB2771D5D3008CC83B /* Release */,
			);
			defaultConfigurationIsVisible = 0;
			defaultConfigurationName = Release;
		};
/* End XCConfigurationList section */

/* Begin XCRemoteSwiftPackageReference section */
		FAF8800F288FCD540011CB9C /* XCRemoteSwiftPackageReference "firebase-ios-sdk" */ = {
			isa = XCRemoteSwiftPackageReference;
			repositoryURL = "https://github.com/firebase/firebase-ios-sdk.git";
			requirement = {
				branch = master;
				kind = branch;
			};
		};
/* End XCRemoteSwiftPackageReference section */

/* Begin XCSwiftPackageProductDependency section */
		FAF88010288FCD540011CB9C /* FirebaseAuth */ = {
			isa = XCSwiftPackageProductDependency;
			package = FAF8800F288FCD540011CB9C /* XCRemoteSwiftPackageReference "firebase-ios-sdk" */;
			productName = FirebaseAuth;
		};
		FAF88012288FCD540011CB9C /* FirebaseFirestore */ = {
			isa = XCSwiftPackageProductDependency;
			package = FAF8800F288FCD540011CB9C /* XCRemoteSwiftPackageReference "firebase-ios-sdk" */;
			productName = FirebaseFirestore;
		};
		FAF88014288FCD540011CB9C /* FirebaseFirestoreSwift */ = {
			isa = XCSwiftPackageProductDependency;
			package = FAF8800F288FCD540011CB9C /* XCRemoteSwiftPackageReference "firebase-ios-sdk" */;
			productName = FirebaseFirestoreSwift;
		};
		FAF88016288FCD540011CB9C /* FirebaseStorage */ = {
			isa = XCSwiftPackageProductDependency;
			package = FAF8800F288FCD540011CB9C /* XCRemoteSwiftPackageReference "firebase-ios-sdk" */;
			productName = FirebaseStorage;
		};
/* End XCSwiftPackageProductDependency section */
	};
	rootObject = 962C50E32771D5D2008CC83B /* Project object */;
}
